
Microsoft Visual Studio Solution File, Format Version 12.00
# Visual Studio Version 17
VisualStudioVersion = 17.14.36301.6 d17.14
MinimumVisualStudioVersion = 10.0.40219.1
Project("{FAE04EC0-301F-11D3-BF4B-00C04F79EFBC}") = "Random numbers lesson", "Random numbers lesson.csproj", "{3B845DFF-3949-41ED-A96C-1BCC20D52BD6}"
EndProject
Global
	GlobalSection(SolutionConfigurationPlatforms) = preSolution
		Debug|Any CPU = Debug|Any CPU
		Release|Any CPU = Release|Any CPU
	EndGlobalSection
	GlobalSection(ProjectConfigurationPlatforms) = postSolution
		{3B845DFF-3949-41ED-A96C-1BCC20D52BD6}.Debug|Any CPU.ActiveCfg = Debug|Any CPU
		{3B845DFF-3949-41ED-A96C-1BCC20D52BD6}.Debug|Any CPU.Build.0 = Debug|Any CPU
		{3B845DFF-3949-41ED-A96C-1BCC20D52BD6}.Release|Any CPU.ActiveCfg = Release|Any CPU
		{3B845DFF-3949-41ED-A96C-1BCC20D52BD6}.Release|Any CPU.Build.0 = Release|Any CPU
	EndGlobalSection
	GlobalSection(SolutionProperties) = preSolution
		HideSolutionNode = FALSE
	EndGlobalSection
	GlobalSection(ExtensibilityGlobals) = postSolution
		SolutionGuid = {902E8D3E-41D6-4DE4-815D-AFD8DAC396D7}
	EndGlobalSection
EndGlobal
